{
  "pins" : [
    {
      "identity" : "checkout-event-logger-ios-framework",
      "kind" : "remoteSourceControl",
      "location" : "https://github.com/checkout/checkout-event-logger-ios-framework.git",
      "state" : {
        "revision" : "2ef34662f1525526aeb5681c6af5f69572ab36c9",
        "version" : "1.2.0"
      }
    },
    {
      "identity" : "frames-ios",
      "kind" : "remoteSourceControl",
      "location" : "https://github.com/checkout/frames-ios.git",
      "state" : {
        "revision" : "659b4c58b0987fc68d197e21dcb0ec90e55a4fc0",
        "version" : "3.5.3"
      }
    },
    {
      "identity" : "iqkeyboardmanager",
      "kind" : "remoteSourceControl",
      "location" : "https://github.com/hackiftekhar/IQKeyboardManager.git",
      "state" : {
        "revision" : "474f849accae40fe61b5302d9b057dd48ee073ba",
        "version" : "6.5.9"
      }
    },
    {
      "identity" : "phonenumberkit",
      "kind" : "remoteSourceControl",
      "location" : "https://github.com/marmelroy/PhoneNumberKit.git",
      "state" : {
        "revision" : "104a53d62c55aa5794faf30b29ccad319653b552",
        "version" : "3.4.5"
      }
    },
    {
      "identity" : "snapkit",
      "kind" : "remoteSourceControl",
      "location" : "https://github.com/SnapKit/SnapKit.git",
      "state" : {
        "revision" : "f222cbdf325885926566172f6f5f06af95473158",
        "version" : "5.6.0"
      }
    },
    {
      "identity" : "walletkitcore",
      "kind" : "remoteSourceControl",
      "location" : "https://github.com/fabriik/WalletKitCore",
      "state" : {
        "branch" : "mit",
        "revision" : "b88d39575cef3f3fa2388b0d5bc9b784ab27271f"
      }
    },
    {
      "identity" : "walletkitswift",
      "kind" : "remoteSourceControl",
      "location" : "https://github.com/fabriik/WalletKitSwift",
      "state" : {
        "branch" : "mit",
        "revision" : "714852660707c3bb02ebebc588113707cdf8b3d5"
      }
    }
  ],
  "version" : 2
}
